{
  "name": "bootstrap-vue-helper-json",
  "version": "1.0.2",
  "lockfileVersion": 1,
  "requires": true,
  "dependencies": {
    "bootstrap": {
      "version": "4.0.0-beta",
      "resolved": "https://registry.npmjs.org/bootstrap/-/bootstrap-4.0.0-beta.tgz",
      "integrity": "sha512-I/r3fYtUZr+rUNkh8HI+twxZ56p6ehNn27eA1XSebLVQKAJ2xZHnEvZrSR+UR2A/bONcd9gHC3xatVhQlH6R6w==",
      "dev": true
    },
    "bootstrap-vue": {
      "version": "1.0.0-beta.7",
      "resolved": "https://registry.npmjs.org/bootstrap-vue/-/bootstrap-vue-1.0.0-beta.7.tgz",
      "integrity": "sha512-m9MOvv7Okl03JoZx+J1crEw24Qenn6MdXCKHCivcx1iVRj1wUUs6ZfLO5xJ1W2xd4aW8Gv8LOy+CUtP5DnuCiA==",
      "dev": true,
      "requires": {
        "bootstrap": "4.0.0-beta",
        "jquery": "3.2.1",
        "popper.js": "1.12.5",
        "vue": "2.4.3",
        "vue-functional-data-merge": "1.0.6"
      }
    },
    "jquery": {
      "version": "3.2.1",
      "resolved": "https://registry.npmjs.org/jquery/-/jquery-3.2.1.tgz",
      "integrity": "sha1-XE2d5lKvbNCncBVKYxu6ErAVx4c=",
      "dev": true
    },
    "lodash": {
      "version": "4.17.4",
      "resolved": "https://registry.npmjs.org/lodash/-/lodash-4.17.4.tgz",
      "integrity": "sha1-eCA6TRwyiuHYbcpkYONptX9AVa4=",
      "dev": true
    },
    "popper.js": {
      "version": "1.12.5",
      "resolved": "https://registry.npmjs.org/popper.js/-/popper.js-1.12.5.tgz",
      "integrity": "sha512-6R2eXIy1xYukMNutoD+y/Gj0IpjEQhivyZonm5Vz0Fp8jdc7kvheKCvpM/t+PxqKb7VbLVnvPVEdTyslEb7f6w==",
      "dev": true
    },
    "vue": {
      "version": "2.4.3",
      "resolved": "https://registry.npmjs.org/vue/-/vue-2.4.3.tgz",
      "integrity": "sha512-k6zkIBR0KsE0DLUDGdRLooX/4iRUbc3T2FyrJs4YhVySbjGwS3k5c2HRCHyXo6lg1aeAF9rg3uiJDRz0J7nbDA==",
      "dev": true
    },
    "vue-functional-data-merge": {
      "version": "1.0.6",
      "resolved": "https://registry.npmjs.org/vue-functional-data-merge/-/vue-functional-data-merge-1.0.6.tgz",
      "integrity": "sha512-wzUHcvLBiVJcDais1HdmFObi2VagMB5jd/dZuacDO0GCdHURxkvPrReaAyAhW/+g29j5gRu0QKP1DH7CaBRwmQ==",
      "dev": true
    }
  }
}
